// !$*UTF8*$!
{
	archiveVersion = 1;
	classes = {
	};
	objectVersion = 77;
	objects = {

/* Begin PBXContainerItemProxy section */
		204B57F92D47E1BF0097B2A8 /* PBXContainerItemProxy */ = {
			isa = PBXContainerItemProxy;
			containerPortal = 204B57E02D47E1BD0097B2A8 /* Project object */;
			proxyType = 1;
			remoteGlobalIDString = 204B57E72D47E1BD0097B2A8;
			remoteInfo = FetchRecipeApp;
		};
		204B58032D47E1BF0097B2A8 /* PBXContainerItemProxy */ = {
			isa = PBXContainerItemProxy;
			containerPortal = 204B57E02D47E1BD0097B2A8 /* Project object */;
			proxyType = 1;
			remoteGlobalIDString = 204B57E72D47E1BD0097B2A8;
			remoteInfo = FetchRecipeApp;
		};
/* End PBXContainerItemProxy section */

/* Begin PBXFileReference section */
		204B57E82D47E1BD0097B2A8 /* FetchRecipeApp.app */ = {isa = PBXFileReference; explicitFileType = wrapper.application; includeInIndex = 0; path = FetchRecipeApp.app; sourceTree = BUILT_PRODUCTS_DIR; };
		204B57F82D47E1BF0097B2A8 /* FetchRecipeAppTests.xctest */ = {isa = PBXFileReference; explicitFileType = wrapper.cfbundle; includeInIndex = 0; path = FetchRecipeAppTests.xctest; sourceTree = BUILT_PRODUCTS_DIR; };
		204B58022D47E1BF0097B2A8 /* FetchRecipeAppUITests.xctest */ = {isa = PBXFileReference; explicitFileType = wrapper.cfbundle; includeInIndex = 0; path = FetchRecipeAppUITests.xctest; sourceTree = BUILT_PRODUCTS_DIR; };
/* End PBXFileReference section */

/* Begin PBXFileSystemSynchronizedRootGroup section */
		204B57EA2D47E1BD0097B2A8 /* FetchRecipeApp */ = {
			isa = PBXFileSystemSynchronizedRootGroup;
			path = FetchRecipeApp;
			sourceTree = "<group>";
		};
		204B57FB2D47E1BF0097B2A8 /* FetchRecipeAppTests */ = {
			isa = PBXFileSystemSynchronizedRootGroup;
			path = FetchRecipeAppTests;
			sourceTree = "<group>";
		};
		204B58052D47E1BF0097B2A8 /* FetchRecipeAppUITests */ = {
			isa = PBXFileSystemSynchronizedRootGroup;
			path = FetchRecipeAppUITests;
			sourceTree = "<group>";
		};
/* End PBXFileSystemSynchronizedRootGroup section */

/* Begin PBXFrameworksBuildPhase section */
		204B57E52D47E1BD0097B2A8 /* Frameworks */ = {
			isa = PBXFrameworksBuildPhase;
			buildActionMask = 2147483647;
			files = (
			);
			runOnlyForDeploymentPostprocessing = 0;
		};
		204B57F52D47E1BF0097B2A8 /* Frameworks */ = {
			isa = PBXFrameworksBuildPhase;
			buildActionMask = 2147483647;
			files = (
			);
			runOnlyForDeploymentPostprocessing = 0;
		};
		204B57FF2D47E1BF0097B2A8 /* Frameworks */ = {
			isa = PBXFrameworksBuildPhase;
			buildActionMask = 2147483647;
			files = (
			);
			runOnlyForDeploymentPostprocessing = 0;
		};
/* End PBXFrameworksBuildPhase section */

/* Begin PBXGroup section */
		204B57DF2D47E1BD0097B2A8 = {
			isa = PBXGroup;
			children = (
				204B57EA2D47E1BD0097B2A8 /* FetchRecipeApp */,
				204B57FB2D47E1BF0097B2A8 /* FetchRecipeAppTests */,
				204B58052D47E1BF0097B2A8 /* FetchRecipeAppUITests */,
				204B57E92D47E1BD0097B2A8 /* Products */,
			);
			sourceTree = "<group>";
		};
		204B57E92D47E1BD0097B2A8 /* Products */ = {
			isa = PBXGroup;
			children = (
				204B57E82D47E1BD0097B2A8 /* FetchRecipeApp.app */,
				204B57F82D47E1BF0097B2A8 /* FetchRecipeAppTests.xctest */,
				204B58022D47E1BF0097B2A8 /* FetchRecipeAppUITests.xctest */,
			);
			name = Products;
			sourceTree = "<group>";
		};
/* End PBXGroup section */

/* Begin PBXNativeTarget section */
		204B57E72D47E1BD0097B2A8 /* FetchRecipeApp */ = {
			isa = PBXNativeTarget;
			buildConfigurationList = 204B580C2D47E1BF0097B2A8 /* Build configuration list for PBXNativeTarget "FetchRecipeApp" */;
			buildPhases = (
				204B57E42D47E1BD0097B2A8 /* Sources */,
				204B57E52D47E1BD0097B2A8 /* Frameworks */,
				204B57E62D47E1BD0097B2A8 /* Resources */,
			);
			buildRules = (
			);
			dependencies = (
			);
			fileSystemSynchronizedGroups = (
				204B57EA2D47E1BD0097B2A8 /* FetchRecipeApp */,
			);
			name = FetchRecipeApp;
			packageProductDependencies = (
			);
			productName = FetchRecipeApp;
			productReference = 204B57E82D47E1BD0097B2A8 /* FetchRecipeApp.app */;
			productType = "com.apple.product-type.application";
		};
		204B57F72D47E1BF0097B2A8 /* FetchRecipeAppTests */ = {
			isa = PBXNativeTarget;
			buildConfigurationList = 204B580F2D47E1BF0097B2A8 /* Build configuration list for PBXNativeTarget "FetchRecipeAppTests" */;
			buildPhases = (
				204B57F42D47E1BF0097B2A8 /* Sources */,
				204B57F52D47E1BF0097B2A8 /* Frameworks */,
				204B57F62D47E1BF0097B2A8 /* Resources */,
			);
			buildRules = (
			);
			dependencies = (
				204B57FA2D47E1BF0097B2A8 /* PBXTargetDependency */,
			);
			fileSystemSynchronizedGroups = (
				204B57FB2D47E1BF0097B2A8 /* FetchRecipeAppTests */,
			);
			name = FetchRecipeAppTests;
			packageProductDependencies = (
			);
			productName = FetchRecipeAppTests;
			productReference = 204B57F82D47E1BF0097B2A8 /* FetchRecipeAppTests.xctest */;
			productType = "com.apple.product-type.bundle.unit-test";
		};
		204B58012D47E1BF0097B2A8 /* FetchRecipeAppUITests */ = {
			isa = PBXNativeTarget;
			buildConfigurationList = 204B58122D47E1BF0097B2A8 /* Build configuration list for PBXNativeTarget "FetchRecipeAppUITests" */;
			buildPhases = (
				204B57FE2D47E1BF0097B2A8 /* Sources */,
				204B57FF2D47E1BF0097B2A8 /* Frameworks */,
				204B58002D47E1BF0097B2A8 /* Resources */,
			);
			buildRules = (
			);
			dependencies = (
				204B58042D47E1BF0097B2A8 /* PBXTargetDependency */,
			);
			fileSystemSynchronizedGroups = (
				204B58052D47E1BF0097B2A8 /* FetchRecipeAppUITests */,
			);
			name = FetchRecipeAppUITests;
			packageProductDependencies = (
			);
			productName = FetchRecipeAppUITests;
			productReference = 204B58022D47E1BF0097B2A8 /* FetchRecipeAppUITests.xctest */;
			productType = "com.apple.product-type.bundle.ui-testing";
		};
/* End PBXNativeTarget section */

/* Begin PBXProject section */
		204B57E02D47E1BD0097B2A8 /* Project object */ = {
			isa = PBXProject;
			attributes = {
				BuildIndependentTargetsInParallel = 1;
				LastSwiftUpdateCheck = 1620;
				LastUpgradeCheck = 1620;
				TargetAttributes = {
					204B57E72D47E1BD0097B2A8 = {
						CreatedOnToolsVersion = 16.2;
					};
					204B57F72D47E1BF0097B2A8 = {
						CreatedOnToolsVersion = 16.2;
						TestTargetID = 204B57E72D47E1BD0097B2A8;
					};
					204B58012D47E1BF0097B2A8 = {
						CreatedOnToolsVersion = 16.2;
						TestTargetID = 204B57E72D47E1BD0097B2A8;
					};
				};
			};
			buildConfigurationList = 204B57E32D47E1BD0097B2A8 /* Build configuration list for PBXProject "FetchRecipeApp" */;
			developmentRegion = en;
			hasScannedForEncodings = 0;
			knownRegions = (
				en,
				Base,
			);
			mainGroup = 204B57DF2D47E1BD0097B2A8;
			minimizedProjectReferenceProxies = 1;
			preferredProjectObjectVersion = 77;
			productRefGroup = 204B57E92D47E1BD0097B2A8 /* Products */;
			projectDirPath = "";
			projectRoot = "";
			targets = (
				204B57E72D47E1BD0097B2A8 /* FetchRecipeApp */,
				204B57F72D47E1BF0097B2A8 /* FetchRecipeAppTests */,
				204B58012D47E1BF0097B2A8 /* FetchRecipeAppUITests */,
			);
		};
/* End PBXProject section */

/* Begin PBXResourcesBuildPhase section */
		204B57E62D47E1BD0097B2A8 /* Resources */ = {
			isa = PBXResourcesBuildPhase;
			buildActionMask = 2147483647;
			files = (
			);
			runOnlyForDeploymentPostprocessing = 0;
		};
		204B57F62D47E1BF0097B2A8 /* Resources */ = {
			isa = PBXResourcesBuildPhase;
			buildActionMask = 2147483647;
			files = (
			);
			runOnlyForDeploymentPostprocessing = 0;
		};
		204B58002D47E1BF0097B2A8 /* Resources */ = {
			isa = PBXResourcesBuildPhase;
			buildActionMask = 2147483647;
			files = (
			);
			runOnlyForDeploymentPostprocessing = 0;
		};
/* End PBXResourcesBuildPhase section */

/* Begin PBXSourcesBuildPhase section */
		204B57E42D47E1BD0097B2A8 /* Sources */ = {
			isa = PBXSourcesBuildPhase;
			buildActionMask = 2147483647;
			files = (
			);
			runOnlyForDeploymentPostprocessing = 0;
		};
		204B57F42D47E1BF0097B2A8 /* Sources */ = {
			isa = PBXSourcesBuildPhase;
			buildActionMask = 2147483647;
			files = (
			);
			runOnlyForDeploymentPostprocessing = 0;
		};
		204B57FE2D47E1BF0097B2A8 /* Sources */ = {
			isa = PBXSourcesBuildPhase;
			buildActionMask = 2147483647;
			files = (
			);
			runOnlyForDeploymentPostprocessing = 0;
		};
/* End PBXSourcesBuildPhase section */

/* Begin PBXTargetDependency section */
		204B57FA2D47E1BF0097B2A8 /* PBXTargetDependency */ = {
			isa = PBXTargetDependency;
			target = 204B57E72D47E1BD0097B2A8 /* FetchRecipeApp */;
			targetProxy = 204B57F92D47E1BF0097B2A8 /* PBXContainerItemProxy */;
		};
		204B58042D47E1BF0097B2A8 /* PBXTargetDependency */ = {
			isa = PBXTargetDependency;
			target = 204B57E72D47E1BD0097B2A8 /* FetchRecipeApp */;
			targetProxy = 204B58032D47E1BF0097B2A8 /* PBXContainerItemProxy */;
		};
/* End PBXTargetDependency section */

/* Begin XCBuildConfiguration section */
		204B580A2D47E1BF0097B2A8 /* Debug */ = {
			isa = XCBuildConfiguration;
			buildSettings = {
				ALWAYS_SEARCH_USER_PATHS = NO;
				ASSETCATALOG_COMPILER_GENERATE_SWIFT_ASSET_SYMBOL_EXTENSIONS = YES;
				CLANG_ANALYZER_NONNULL = YES;
				CLANG_ANALYZER_NUMBER_OBJECT_CONVERSION = YES_AGGRESSIVE;
				CLANG_CXX_LANGUAGE_STANDARD = "gnu++20";
				CLANG_ENABLE_MODULES = YES;
				CLANG_ENABLE_OBJC_ARC = YES;
				CLANG_ENABLE_OBJC_WEAK = YES;
				CLANG_WARN_BLOCK_CAPTURE_AUTORELEASING = YES;
				CLANG_WARN_BOOL_CONVERSION = YES;
				CLANG_WARN_COMMA = YES;
				CLANG_WARN_CONSTANT_CONVERSION = YES;
				CLANG_WARN_DEPRECATED_OBJC_IMPLEMENTATIONS = YES;
				CLANG_WARN_DIRECT_OBJC_ISA_USAGE = YES_ERROR;
				CLANG_WARN_DOCUMENTATION_COMMENTS = YES;
				CLANG_WARN_EMPTY_BODY = YES;
				CLANG_WARN_ENUM_CONVERSION = YES;
				CLANG_WARN_INFINITE_RECURSION = YES;
				CLANG_WARN_INT_CONVERSION = YES;
				CLANG_WARN_NON_LITERAL_NULL_CONVERSION = YES;
				CLANG_WARN_OBJC_IMPLICIT_RETAIN_SELF = YES;
				CLANG_WARN_OBJC_LITERAL_CONVERSION = YES;
				CLANG_WARN_OBJC_ROOT_CLASS = YES_ERROR;
				CLANG_WARN_QUOTED_INCLUDE_IN_FRAMEWORK_HEADER = YES;
				CLANG_WARN_RANGE_LOOP_ANALYSIS = YES;
				CLANG_WARN_STRICT_PROTOTYPES = YES;
				CLANG_WARN_SUSPICIOUS_MOVE = YES;
				CLANG_WARN_UNGUARDED_AVAILABILITY = YES_AGGRESSIVE;
				CLANG_WARN_UNREACHABLE_CODE = YES;
				CLANG_WARN__DUPLICATE_METHOD_MATCH = YES;
				COPY_PHASE_STRIP = NO;
				DEBUG_INFORMATION_FORMAT = dwarf;
				ENABLE_STRICT_OBJC_MSGSEND = YES;
				ENABLE_TESTABILITY = YES;
				ENABLE_USER_SCRIPT_SANDBOXING = YES;
				GCC_C_LANGUAGE_STANDARD = gnu17;
				GCC_DYNAMIC_NO_PIC = NO;
				GCC_NO_COMMON_BLOCKS = YES;
				GCC_OPTIMIZATION_LEVEL = 0;
				GCC_PREPROCESSOR_DEFINITIONS = (
					"DEBUG=1",
					"$(inherited)",
				);
				GCC_WARN_64_TO_32_BIT_CONVERSION = YES;
				GCC_WARN_ABOUT_RETURN_TYPE = YES_ERROR;
				GCC_WARN_UNDECLARED_SELECTOR = YES;
				GCC_WARN_UNINITIALIZED_AUTOS = YES_AGGRESSIVE;
				GCC_WARN_UNUSED_FUNCTION = YES;
				GCC_WARN_UNUSED_VARIABLE = YES;
				IPHONEOS_DEPLOYMENT_TARGET = 18.2;
				LOCALIZATION_PREFERS_STRING_CATALOGS = YES;
				MTL_ENABLE_DEBUG_INFO = INCLUDE_SOURCE;
				MTL_FAST_MATH = YES;
				ONLY_ACTIVE_ARCH = YES;
				SDKROOT = iphoneos;
				SWIFT_ACTIVE_COMPILATION_CONDITIONS = "DEBUG $(inherited)";
				SWIFT_OPTIMIZATION_LEVEL = "-Onone";
			};
			name = Debug;
		};
		204B580B2D47E1BF0097B2A8 /* Release */ = {
			isa = XCBuildConfiguration;
			buildSettings = {
				ALWAYS_SEARCH_USER_PATHS = NO;
				ASSETCATALOG_COMPILER_GENERATE_SWIFT_ASSET_SYMBOL_EXTENSIONS = YES;
				CLANG_ANALYZER_NONNULL = YES;
				CLANG_ANALYZER_NUMBER_OBJECT_CONVERSION = YES_AGGRESSIVE;
				CLANG_CXX_LANGUAGE_STANDARD = "gnu++20";
				CLANG_ENABLE_MODULES = YES;
				CLANG_ENABLE_OBJC_ARC = YES;
				CLANG_ENABLE_OBJC_WEAK = YES;
				CLANG_WARN_BLOCK_CAPTURE_AUTORELEASING = YES;
				CLANG_WARN_BOOL_CONVERSION = YES;
				CLANG_WARN_COMMA = YES;
				CLANG_WARN_CONSTANT_CONVERSION = YES;
				CLANG_WARN_DEPRECATED_OBJC_IMPLEMENTATIONS = YES;
				CLANG_WARN_DIRECT_OBJC_ISA_USAGE = YES_ERROR;
				CLANG_WARN_DOCUMENTATION_COMMENTS = YES;
				CLANG_WARN_EMPTY_BODY = YES;
				CLANG_WARN_ENUM_CONVERSION = YES;
				CLANG_WARN_INFINITE_RECURSION = YES;
				CLANG_WARN_INT_CONVERSION = YES;
				CLANG_WARN_NON_LITERAL_NULL_CONVERSION = YES;
				CLANG_WARN_OBJC_IMPLICIT_RETAIN_SELF = YES;
				CLANG_WARN_OBJC_LITERAL_CONVERSION = YES;
				CLANG_WARN_OBJC_ROOT_CLASS = YES_ERROR;
				CLANG_WARN_QUOTED_INCLUDE_IN_FRAMEWORK_HEADER = YES;
				CLANG_WARN_RANGE_LOOP_ANALYSIS = YES;
				CLANG_WARN_STRICT_PROTOTYPES = YES;
				CLANG_WARN_SUSPICIOUS_MOVE = YES;
				CLANG_WARN_UNGUARDED_AVAILABILITY = YES_AGGRESSIVE;
				CLANG_WARN_UNREACHABLE_CODE = YES;
				CLANG_WARN__DUPLICATE_METHOD_MATCH = YES;
				COPY_PHASE_STRIP = NO;
				DEBUG_INFORMATION_FORMAT = "dwarf-with-dsym";
				ENABLE_NS_ASSERTIONS = NO;
				ENABLE_STRICT_OBJC_MSGSEND = YES;
				ENABLE_USER_SCRIPT_SANDBOXING = YES;
				GCC_C_LANGUAGE_STANDARD = gnu17;
				GCC_NO_COMMON_BLOCKS = YES;
				GCC_WARN_64_TO_32_BIT_CONVERSION = YES;
				GCC_WARN_ABOUT_RETURN_TYPE = YES_ERROR;
				GCC_WARN_UNDECLARED_SELECTOR = YES;
				GCC_WARN_UNINITIALIZED_AUTOS = YES_AGGRESSIVE;
				GCC_WARN_UNUSED_FUNCTION = YES;
				GCC_WARN_UNUSED_VARIABLE = YES;
				IPHONEOS_DEPLOYMENT_TARGET = 18.2;
				LOCALIZATION_PREFERS_STRING_CATALOGS = YES;
				MTL_ENABLE_DEBUG_INFO = NO;
				MTL_FAST_MATH = YES;
				SDKROOT = iphoneos;
				SWIFT_COMPILATION_MODE = wholemodule;
				VALIDATE_PRODUCT = YES;
			};
			name = Release;
		};
		204B580D2D47E1BF0097B2A8 /* Debug */ = {
			isa = XCBuildConfiguration;
			buildSettings = {
				ASSETCATALOG_COMPILER_APPICON_NAME = AppIcon;
				ASSETCATALOG_COMPILER_GLOBAL_ACCENT_COLOR_NAME = AccentColor;
				CODE_SIGN_STYLE = Automatic;
				CURRENT_PROJECT_VERSION = 1;
				DEVELOPMENT_ASSET_PATHS = "\"FetchRecipeApp/Preview Content\"";
				DEVELOPMENT_TEAM = TL76QL278K;
				ENABLE_PREVIEWS = YES;
				GENERATE_INFOPLIST_FILE = YES;
				INFOPLIST_KEY_UIApplicationSceneManifest_Generation = YES;
				INFOPLIST_KEY_UIApplicationSupportsIndirectInputEvents = YES;
				INFOPLIST_KEY_UILaunchScreen_Generation = YES;
				INFOPLIST_KEY_UISupportedInterfaceOrientations_iPad = "UIInterfaceOrientationPortrait UIInterfaceOrientationPortraitUpsideDown UIInterfaceOrientationLandscapeLeft UIInterfaceOrientationLandscapeRight";
				INFOPLIST_KEY_UISupportedInterfaceOrientations_iPhone = "UIInterfaceOrientationPortrait UIInterfaceOrientationLandscapeLeft UIInterfaceOrientationLandscapeRight";
				LD_RUNPATH_SEARCH_PATHS = (
					"$(inherited)",
					"@executable_path/Frameworks",
				);
				MARKETING_VERSION = 1.0;
				PRODUCT_BUNDLE_IDENTIFIER = com.buildthestack.FetchRecipeApp;
				PRODUCT_NAME = "$(TARGET_NAME)";
				SWIFT_EMIT_LOC_STRINGS = YES;
				SWIFT_VERSION = 5.0;
				TARGETED_DEVICE_FAMILY = "1,2";
			};
			name = Debug;
		};
		204B580E2D47E1BF0097B2A8 /* Release */ = {
			isa = XCBuildConfiguration;
			buildSettings = {
				ASSETCATALOG_COMPILER_APPICON_NAME = AppIcon;
				ASSETCATALOG_COMPILER_GLOBAL_ACCENT_COLOR_NAME = AccentColor;
				CODE_SIGN_STYLE = Automatic;
				CURRENT_PROJECT_VERSION = 1;
				DEVELOPMENT_ASSET_PATHS = "\"FetchRecipeApp/Preview Content\"";
				DEVELOPMENT_TEAM = TL76QL278K;
				ENABLE_PREVIEWS = YES;
				GENERATE_INFOPLIST_FILE = YES;
				INFOPLIST_KEY_UIApplicationSceneManifest_Generation = YES;
				INFOPLIST_KEY_UIApplicationSupportsIndirectInputEvents = YES;
				INFOPLIST_KEY_UILaunchScreen_Generation = YES;
				INFOPLIST_KEY_UISupportedInterfaceOrientations_iPad = "UIInterfaceOrientationPortrait UIInterfaceOrientationPortraitUpsideDown UIInterfaceOrientationLandscapeLeft UIInterfaceOrientationLandscapeRight";
				INFOPLIST_KEY_UISupportedInterfaceOrientations_iPhone = "UIInterfaceOrientationPortrait UIInterfaceOrientationLandscapeLeft UIInterfaceOrientationLandscapeRight";
				LD_RUNPATH_SEARCH_PATHS = (
					"$(inherited)",
					"@executable_path/Frameworks",
				);
				MARKETING_VERSION = 1.0;
				PRODUCT_BUNDLE_IDENTIFIER = com.buildthestack.FetchRecipeApp;
				PRODUCT_NAME = "$(TARGET_NAME)";
				SWIFT_EMIT_LOC_STRINGS = YES;
				SWIFT_VERSION = 5.0;
				TARGETED_DEVICE_FAMILY = "1,2";
			};
			name = Release;
		};
		204B58102D47E1BF0097B2A8 /* Debug */ = {
			isa = XCBuildConfiguration;
			buildSettings = {
				BUNDLE_LOADER = "$(TEST_HOST)";
				CODE_SIGN_STYLE = Automatic;
				CURRENT_PROJECT_VERSION = 1;
				DEVELOPMENT_TEAM = TL76QL278K;
				GENERATE_INFOPLIST_FILE = YES;
				IPHONEOS_DEPLOYMENT_TARGET = 18.2;
				MARKETING_VERSION = 1.0;
				PRODUCT_BUNDLE_IDENTIFIER = com.buildthestack.FetchRecipeAppTests;
				PRODUCT_NAME = "$(TARGET_NAME)";
				SWIFT_EMIT_LOC_STRINGS = NO;
				SWIFT_VERSION = 5.0;
				TARGETED_DEVICE_FAMILY = "1,2";
				TEST_HOST = "$(BUILT_PRODUCTS_DIR)/FetchRecipeApp.app/$(BUNDLE_EXECUTABLE_FOLDER_PATH)/FetchRecipeApp";
			};
			name = Debug;
		};
		204B58112D47E1BF0097B2A8 /* Release */ = {
			isa = XCBuildConfiguration;
			buildSettings = {
				BUNDLE_LOADER = "$(TEST_HOST)";
				CODE_SIGN_STYLE = Automatic;
				CURRENT_PROJECT_VERSION = 1;
				DEVELOPMENT_TEAM = TL76QL278K;
				GENERATE_INFOPLIST_FILE = YES;
				IPHONEOS_DEPLOYMENT_TARGET = 18.2;
				MARKETING_VERSION = 1.0;
				PRODUCT_BUNDLE_IDENTIFIER = com.buildthestack.FetchRecipeAppTests;
				PRODUCT_NAME = "$(TARGET_NAME)";
				SWIFT_EMIT_LOC_STRINGS = NO;
				SWIFT_VERSION = 5.0;
				TARGETED_DEVICE_FAMILY = "1,2";
				TEST_HOST = "$(BUILT_PRODUCTS_DIR)/FetchRecipeApp.app/$(BUNDLE_EXECUTABLE_FOLDER_PATH)/FetchRecipeApp";
			};
			name = Release;
		};
		204B58132D47E1BF0097B2A8 /* Debug */ = {
			isa = XCBuildConfiguration;
			buildSettings = {
				CODE_SIGN_STYLE = Automatic;
				CURRENT_PROJECT_VERSION = 1;
				DEVELOPMENT_TEAM = TL76QL278K;
				GENERATE_INFOPLIST_FILE = YES;
				MARKETING_VERSION = 1.0;
				PRODUCT_BUNDLE_IDENTIFIER = com.buildthestack.FetchRecipeAppUITests;
				PRODUCT_NAME = "$(TARGET_NAME)";
				SWIFT_EMIT_LOC_STRINGS = NO;
				SWIFT_VERSION = 5.0;
				TARGETED_DEVICE_FAMILY = "1,2";
				TEST_TARGET_NAME = FetchRecipeApp;
			};
			name = Debug;
		};
		204B58142D47E1BF0097B2A8 /* Release */ = {
			isa = XCBuildConfiguration;
			buildSettings = {
				CODE_SIGN_STYLE = Automatic;
				CURRENT_PROJECT_VERSION = 1;
				DEVELOPMENT_TEAM = TL76QL278K;
				GENERATE_INFOPLIST_FILE = YES;
				MARKETING_VERSION = 1.0;
				PRODUCT_BUNDLE_IDENTIFIER = com.buildthestack.FetchRecipeAppUITests;
				PRODUCT_NAME = "$(TARGET_NAME)";
				SWIFT_EMIT_LOC_STRINGS = NO;
				SWIFT_VERSION = 5.0;
				TARGETED_DEVICE_FAMILY = "1,2";
				TEST_TARGET_NAME = FetchRecipeApp;
			};
			name = Release;
		};
/* End XCBuildConfiguration section */

/* Begin XCConfigurationList section */
		204B57E32D47E1BD0097B2A8 /* Build configuration list for PBXProject "FetchRecipeApp" */ = {
			isa = XCConfigurationList;
			buildConfigurations = (
				204B580A2D47E1BF0097B2A8 /* Debug */,
				204B580B2D47E1BF0097B2A8 /* Release */,
			);
			defaultConfigurationIsVisible = 0;
			defaultConfigurationName = Release;
		};
		204B580C2D47E1BF0097B2A8 /* Build configuration list for PBXNativeTarget "FetchRecipeApp" */ = {
			isa = XCConfigurationList;
			buildConfigurations = (
				204B580D2D47E1BF0097B2A8 /* Debug */,
				204B580E2D47E1BF0097B2A8 /* Release */,
			);
			defaultConfigurationIsVisible = 0;
			defaultConfigurationName = Release;
		};
		204B580F2D47E1BF0097B2A8 /* Build configuration list for PBXNativeTarget "FetchRecipeAppTests" */ = {
			isa = XCConfigurationList;
			buildConfigurations = (
				204B58102D47E1BF0097B2A8 /* Debug */,
				204B58112D47E1BF0097B2A8 /* Release */,
			);
			defaultConfigurationIsVisible = 0;
			defaultConfigurationName = Release;
		};
		204B58122D47E1BF0097B2A8 /* Build configuration list for PBXNativeTarget "FetchRecipeAppUITests" */ = {
			isa = XCConfigurationList;
			buildConfigurations = (
				204B58132D47E1BF0097B2A8 /* Debug */,
				204B58142D47E1BF0097B2A8 /* Release */,
			);
			defaultConfigurationIsVisible = 0;
			defaultConfigurationName = Release;
		};
/* End XCConfigurationList section */
	};
	rootObject = 204B57E02D47E1BD0097B2A8 /* Project object */;
}
